// !$*UTF8*$!
{
	archiveVersion = 1;
	classes = {
	};
	objectVersion = 55;
	objects = {

/* Begin PBXBuildFile section */
		EF33C9F9286C3C1300B89C31 /* FruitsApp.swift in Sources */ = {isa = PBXBuildFile; fileRef = EF33C9F8286C3C1300B89C31 /* FruitsApp.swift */; };
		EF33C9FB286C3C1300B89C31 /* ContentView.swift in Sources */ = {isa = PBXBuildFile; fileRef = EF33C9FA286C3C1300B89C31 /* ContentView.swift */; };
		EF33C9FD286C3C1400B89C31 /* Assets.xcassets in Resources */ = {isa = PBXBuildFile; fileRef = EF33C9FC286C3C1400B89C31 /* Assets.xcassets */; };
		EF33CA00286C3C1400B89C31 /* Preview Assets.xcassets in Resources */ = {isa = PBXBuildFile; fileRef = EF33C9FF286C3C1400B89C31 /* Preview Assets.xcassets */; };
		EF33CA09286C417C00B89C31 /* FruitCardView.swift in Sources */ = {isa = PBXBuildFile; fileRef = EF33CA08286C417C00B89C31 /* FruitCardView.swift */; };
		EF33CA0B286C454700B89C31 /* StartButtonView.swift in Sources */ = {isa = PBXBuildFile; fileRef = EF33CA0A286C454700B89C31 /* StartButtonView.swift */; };
		EF33CA0D286C5B2A00B89C31 /* OnboardingView.swift in Sources */ = {isa = PBXBuildFile; fileRef = EF33CA0C286C5B2A00B89C31 /* OnboardingView.swift */; };
		EF33CA10286C5C8400B89C31 /* FruitModel.swift in Sources */ = {isa = PBXBuildFile; fileRef = EF33CA0F286C5C8400B89C31 /* FruitModel.swift */; };
		EF33CA13286C5DA200B89C31 /* FruitData.swift in Sources */ = {isa = PBXBuildFile; fileRef = EF33CA12286C5DA200B89C31 /* FruitData.swift */; };
		EF33CA17286C6F3500B89C31 /* FruitRowView.swift in Sources */ = {isa = PBXBuildFile; fileRef = EF33CA16286C6F3500B89C31 /* FruitRowView.swift */; };
		EF33CA19286C72EB00B89C31 /* FruitDetailView.swift in Sources */ = {isa = PBXBuildFile; fileRef = EF33CA18286C72EB00B89C31 /* FruitDetailView.swift */; };
		EF33CA1B286C761C00B89C31 /* FruitHeaderView.swift in Sources */ = {isa = PBXBuildFile; fileRef = EF33CA1A286C761C00B89C31 /* FruitHeaderView.swift */; };
		EF33CA1D286C785D00B89C31 /* SourceLinkView.swift in Sources */ = {isa = PBXBuildFile; fileRef = EF33CA1C286C785D00B89C31 /* SourceLinkView.swift */; };
		EF33CA1F286C7A3E00B89C31 /* FruitNutrientsView.swift in Sources */ = {isa = PBXBuildFile; fileRef = EF33CA1E286C7A3E00B89C31 /* FruitNutrientsView.swift */; };
		EF33CA21286C7D9A00B89C31 /* SettingsView.swift in Sources */ = {isa = PBXBuildFile; fileRef = EF33CA20286C7D9A00B89C31 /* SettingsView.swift */; };
		EF33CA23286C817300B89C31 /* SettingsLabelView.swift in Sources */ = {isa = PBXBuildFile; fileRef = EF33CA22286C817300B89C31 /* SettingsLabelView.swift */; };
		EF33CA25286DBFF900B89C31 /* SettingsRowView.swift in Sources */ = {isa = PBXBuildFile; fileRef = EF33CA24286DBFF900B89C31 /* SettingsRowView.swift */; };
/* End PBXBuildFile section */

/* Begin PBXFileReference section */
		EF33C9F5286C3C1300B89C31 /* Fruits.app */ = {isa = PBXFileReference; explicitFileType = wrapper.application; includeInIndex = 0; path = Fruits.app; sourceTree = BUILT_PRODUCTS_DIR; };
		EF33C9F8286C3C1300B89C31 /* FruitsApp.swift */ = {isa = PBXFileReference; lastKnownFileType = sourcecode.swift; path = FruitsApp.swift; sourceTree = "<group>"; };
		EF33C9FA286C3C1300B89C31 /* ContentView.swift */ = {isa = PBXFileReference; lastKnownFileType = sourcecode.swift; path = ContentView.swift; sourceTree = "<group>"; };
		EF33C9FC286C3C1400B89C31 /* Assets.xcassets */ = {isa = PBXFileReference; lastKnownFileType = folder.assetcatalog; path = Assets.xcassets; sourceTree = "<group>"; };
		EF33C9FF286C3C1400B89C31 /* Preview Assets.xcassets */ = {isa = PBXFileReference; lastKnownFileType = folder.assetcatalog; path = "Preview Assets.xcassets"; sourceTree = "<group>"; };
		EF33CA08286C417C00B89C31 /* FruitCardView.swift */ = {isa = PBXFileReference; lastKnownFileType = sourcecode.swift; path = FruitCardView.swift; sourceTree = "<group>"; };
		EF33CA0A286C454700B89C31 /* StartButtonView.swift */ = {isa = PBXFileReference; lastKnownFileType = sourcecode.swift; path = StartButtonView.swift; sourceTree = "<group>"; };
		EF33CA0C286C5B2A00B89C31 /* OnboardingView.swift */ = {isa = PBXFileReference; lastKnownFileType = sourcecode.swift; path = OnboardingView.swift; sourceTree = "<group>"; };
		EF33CA0F286C5C8400B89C31 /* FruitModel.swift */ = {isa = PBXFileReference; lastKnownFileType = sourcecode.swift; path = FruitModel.swift; sourceTree = "<group>"; };
		EF33CA12286C5DA200B89C31 /* FruitData.swift */ = {isa = PBXFileReference; lastKnownFileType = sourcecode.swift; path = FruitData.swift; sourceTree = "<group>"; };
		EF33CA16286C6F3500B89C31 /* FruitRowView.swift */ = {isa = PBXFileReference; lastKnownFileType = sourcecode.swift; path = FruitRowView.swift; sourceTree = "<group>"; };
		EF33CA18286C72EB00B89C31 /* FruitDetailView.swift */ = {isa = PBXFileReference; lastKnownFileType = sourcecode.swift; path = FruitDetailView.swift; sourceTree = "<group>"; };
		EF33CA1A286C761C00B89C31 /* FruitHeaderView.swift */ = {isa = PBXFileReference; lastKnownFileType = sourcecode.swift; path = FruitHeaderView.swift; sourceTree = "<group>"; };
		EF33CA1C286C785D00B89C31 /* SourceLinkView.swift */ = {isa = PBXFileReference; lastKnownFileType = sourcecode.swift; path = SourceLinkView.swift; sourceTree = "<group>"; };
		EF33CA1E286C7A3E00B89C31 /* FruitNutrientsView.swift */ = {isa = PBXFileReference; lastKnownFileType = sourcecode.swift; path = FruitNutrientsView.swift; sourceTree = "<group>"; };
		EF33CA20286C7D9A00B89C31 /* SettingsView.swift */ = {isa = PBXFileReference; lastKnownFileType = sourcecode.swift; path = SettingsView.swift; sourceTree = "<group>"; };
		EF33CA22286C817300B89C31 /* SettingsLabelView.swift */ = {isa = PBXFileReference; lastKnownFileType = sourcecode.swift; path = SettingsLabelView.swift; sourceTree = "<group>"; };
		EF33CA24286DBFF900B89C31 /* SettingsRowView.swift */ = {isa = PBXFileReference; lastKnownFileType = sourcecode.swift; path = SettingsRowView.swift; sourceTree = "<group>"; };
/* End PBXFileReference section */

/* Begin PBXFrameworksBuildPhase section */
		EF33C9F2286C3C1300B89C31 /* Frameworks */ = {
			isa = PBXFrameworksBuildPhase;
			buildActionMask = 2147483647;
			files = (
			);
			runOnlyForDeploymentPostprocessing = 0;
		};
/* End PBXFrameworksBuildPhase section */

/* Begin PBXGroup section */
		EF33C9EC286C3C1300B89C31 = {
			isa = PBXGroup;
			children = (
				EF33C9F7286C3C1300B89C31 /* Fruits */,
				EF33C9F6286C3C1300B89C31 /* Products */,
			);
			sourceTree = "<group>";
		};
		EF33C9F6286C3C1300B89C31 /* Products */ = {
			isa = PBXGroup;
			children = (
				EF33C9F5286C3C1300B89C31 /* Fruits.app */,
			);
			name = Products;
			sourceTree = "<group>";
		};
		EF33C9F7286C3C1300B89C31 /* Fruits */ = {
			isa = PBXGroup;
			children = (
				EF33CA06286C413D00B89C31 /* App */,
				EF33CA11286C5D9500B89C31 /* Data */,
				EF33CA0E286C5C6D00B89C31 /* Model */,
				EF33CA07286C415F00B89C31 /* View */,
				EF33C9FC286C3C1400B89C31 /* Assets.xcassets */,
				EF33C9FE286C3C1400B89C31 /* Preview Content */,
			);
			path = Fruits;
			sourceTree = "<group>";
		};
		EF33C9FE286C3C1400B89C31 /* Preview Content */ = {
			isa = PBXGroup;
			children = (
				EF33C9FF286C3C1400B89C31 /* Preview Assets.xcassets */,
			);
			path = "Preview Content";
			sourceTree = "<group>";
		};
		EF33CA06286C413D00B89C31 /* App */ = {
			isa = PBXGroup;
			children = (
				EF33C9F8286C3C1300B89C31 /* FruitsApp.swift */,
				EF33C9FA286C3C1300B89C31 /* ContentView.swift */,
				EF33CA0C286C5B2A00B89C31 /* OnboardingView.swift */,
				EF33CA18286C72EB00B89C31 /* FruitDetailView.swift */,
				EF33CA20286C7D9A00B89C31 /* SettingsView.swift */,
			);
			path = App;
			sourceTree = "<group>";
		};
		EF33CA07286C415F00B89C31 /* View */ = {
			isa = PBXGroup;
			children = (
				EF33CA08286C417C00B89C31 /* FruitCardView.swift */,
				EF33CA0A286C454700B89C31 /* StartButtonView.swift */,
				EF33CA16286C6F3500B89C31 /* FruitRowView.swift */,
				EF33CA1A286C761C00B89C31 /* FruitHeaderView.swift */,
				EF33CA1C286C785D00B89C31 /* SourceLinkView.swift */,
				EF33CA1E286C7A3E00B89C31 /* FruitNutrientsView.swift */,
				EF33CA22286C817300B89C31 /* SettingsLabelView.swift */,
				EF33CA24286DBFF900B89C31 /* SettingsRowView.swift */,
			);
			path = View;
			sourceTree = "<group>";
		};
		EF33CA0E286C5C6D00B89C31 /* Model */ = {
			isa = PBXGroup;
			children = (
				EF33CA0F286C5C8400B89C31 /* FruitModel.swift */,
			);
			path = Model;
			sourceTree = "<group>";
		};
		EF33CA11286C5D9500B89C31 /* Data */ = {
			isa = PBXGroup;
			children = (
				EF33CA12286C5DA200B89C31 /* FruitData.swift */,
			);
			path = Data;
			sourceTree = "<group>";
		};
/* End PBXGroup section */

/* Begin PBXNativeTarget section */
		EF33C9F4286C3C1300B89C31 /* Fruits */ = {
			isa = PBXNativeTarget;
			buildConfigurationList = EF33CA03286C3C1400B89C31 /* Build configuration list for PBXNativeTarget "Fruits" */;
			buildPhases = (
				EF33C9F1286C3C1300B89C31 /* Sources */,
				EF33C9F2286C3C1300B89C31 /* Frameworks */,
				EF33C9F3286C3C1300B89C31 /* Resources */,
			);
			buildRules = (
			);
			dependencies = (
			);
			name = Fruits;
			productName = Fruits;
			productReference = EF33C9F5286C3C1300B89C31 /* Fruits.app */;
			productType = "com.apple.product-type.application";
		};
/* End PBXNativeTarget section */

/* Begin PBXProject section */
		EF33C9ED286C3C1300B89C31 /* Project object */ = {
			isa = PBXProject;
			attributes = {
				BuildIndependentTargetsInParallel = 1;
				LastSwiftUpdateCheck = 1340;
				LastUpgradeCheck = 1340;
				TargetAttributes = {
					EF33C9F4286C3C1300B89C31 = {
						CreatedOnToolsVersion = 13.4;
					};
				};
			};
			buildConfigurationList = EF33C9F0286C3C1300B89C31 /* Build configuration list for PBXProject "Fruits" */;
			compatibilityVersion = "Xcode 13.0";
			developmentRegion = en;
			hasScannedForEncodings = 0;
			knownRegions = (
				en,
				Base,
			);
			mainGroup = EF33C9EC286C3C1300B89C31;
			productRefGroup = EF33C9F6286C3C1300B89C31 /* Products */;
			projectDirPath = "";
			projectRoot = "";
			targets = (
				EF33C9F4286C3C1300B89C31 /* Fruits */,
			);
		};
/* End PBXProject section */

/* Begin PBXResourcesBuildPhase section */
		EF33C9F3286C3C1300B89C31 /* Resources */ = {
			isa = PBXResourcesBuildPhase;
			buildActionMask = 2147483647;
			files = (
				EF33CA00286C3C1400B89C31 /* Preview Assets.xcassets in Resources */,
				EF33C9FD286C3C1400B89C31 /* Assets.xcassets in Resources */,
			);
			runOnlyForDeploymentPostprocessing = 0;
		};
/* End PBXResourcesBuildPhase section */

/* Begin PBXSourcesBuildPhase section */
		EF33C9F1286C3C1300B89C31 /* Sources */ = {
			isa = PBXSourcesBuildPhase;
			buildActionMask = 2147483647;
			files = (
				EF33CA23286C817300B89C31 /* SettingsLabelView.swift in Sources */,
				EF33CA13286C5DA200B89C31 /* FruitData.swift in Sources */,
				EF33CA25286DBFF900B89C31 /* SettingsRowView.swift in Sources */,
				EF33CA1D286C785D00B89C31 /* SourceLinkView.swift in Sources */,
				EF33CA09286C417C00B89C31 /* FruitCardView.swift in Sources */,
				EF33CA17286C6F3500B89C31 /* FruitRowView.swift in Sources */,
				EF33CA1F286C7A3E00B89C31 /* FruitNutrientsView.swift in Sources */,
				EF33CA0B286C454700B89C31 /* StartButtonView.swift in Sources */,
				EF33CA19286C72EB00B89C31 /* FruitDetailView.swift in Sources */,
				EF33C9FB286C3C1300B89C31 /* ContentView.swift in Sources */,
				EF33CA1B286C761C00B89C31 /* FruitHeaderView.swift in Sources */,
				EF33CA0D286C5B2A00B89C31 /* OnboardingView.swift in Sources */,
				EF33CA10286C5C8400B89C31 /* FruitModel.swift in Sources */,
				EF33C9F9286C3C1300B89C31 /* FruitsApp.swift in Sources */,
				EF33CA21286C7D9A00B89C31 /* SettingsView.swift in Sources */,
			);
			runOnlyForDeploymentPostprocessing = 0;
		};
/* End PBXSourcesBuildPhase section */

/* Begin XCBuildConfiguration section */
		EF33CA01286C3C1400B89C31 /* Debug */ = {
			isa = XCBuildConfiguration;
			buildSettings = {
				ALWAYS_SEARCH_USER_PATHS = NO;
				CLANG_ANALYZER_NONNULL = YES;
				CLANG_ANALYZER_NUMBER_OBJECT_CONVERSION = YES_AGGRESSIVE;
				CLANG_CXX_LANGUAGE_STANDARD = "gnu++17";
				CLANG_ENABLE_MODULES = YES;
				CLANG_ENABLE_OBJC_ARC = YES;
				CLANG_ENABLE_OBJC_WEAK = YES;
				CLANG_WARN_BLOCK_CAPTURE_AUTORELEASING = YES;
				CLANG_WARN_BOOL_CONVERSION = YES;
				CLANG_WARN_COMMA = YES;
				CLANG_WARN_CONSTANT_CONVERSION = YES;
				CLANG_WARN_DEPRECATED_OBJC_IMPLEMENTATIONS = YES;
				CLANG_WARN_DIRECT_OBJC_ISA_USAGE = YES_ERROR;
				CLANG_WARN_DOCUMENTATION_COMMENTS = YES;
				CLANG_WARN_EMPTY_BODY = YES;
				CLANG_WARN_ENUM_CONVERSION = YES;
				CLANG_WARN_INFINITE_RECURSION = YES;
				CLANG_WARN_INT_CONVERSION = YES;
				CLANG_WARN_NON_LITERAL_NULL_CONVERSION = YES;
				CLANG_WARN_OBJC_IMPLICIT_RETAIN_SELF = YES;
				CLANG_WARN_OBJC_LITERAL_CONVERSION = YES;
				CLANG_WARN_OBJC_ROOT_CLASS = YES_ERROR;
				CLANG_WARN_QUOTED_INCLUDE_IN_FRAMEWORK_HEADER = YES;
				CLANG_WARN_RANGE_LOOP_ANALYSIS = YES;
				CLANG_WARN_STRICT_PROTOTYPES = YES;
				CLANG_WARN_SUSPICIOUS_MOVE = YES;
				CLANG_WARN_UNGUARDED_AVAILABILITY = YES_AGGRESSIVE;
				CLANG_WARN_UNREACHABLE_CODE = YES;
				CLANG_WARN__DUPLICATE_METHOD_MATCH = YES;
				COPY_PHASE_STRIP = NO;
				DEBUG_INFORMATION_FORMAT = dwarf;
				ENABLE_STRICT_OBJC_MSGSEND = YES;
				ENABLE_TESTABILITY = YES;
				GCC_C_LANGUAGE_STANDARD = gnu11;
				GCC_DYNAMIC_NO_PIC = NO;
				GCC_NO_COMMON_BLOCKS = YES;
				GCC_OPTIMIZATION_LEVEL = 0;
				GCC_PREPROCESSOR_DEFINITIONS = (
					"DEBUG=1",
					"$(inherited)",
				);
				GCC_WARN_64_TO_32_BIT_CONVERSION = YES;
				GCC_WARN_ABOUT_RETURN_TYPE = YES_ERROR;
				GCC_WARN_UNDECLARED_SELECTOR = YES;
				GCC_WARN_UNINITIALIZED_AUTOS = YES_AGGRESSIVE;
				GCC_WARN_UNUSED_FUNCTION = YES;
				GCC_WARN_UNUSED_VARIABLE = YES;
				IPHONEOS_DEPLOYMENT_TARGET = 15.5;
				MTL_ENABLE_DEBUG_INFO = INCLUDE_SOURCE;
				MTL_FAST_MATH = YES;
				ONLY_ACTIVE_ARCH = YES;
				SDKROOT = iphoneos;
				SWIFT_ACTIVE_COMPILATION_CONDITIONS = DEBUG;
				SWIFT_OPTIMIZATION_LEVEL = "-Onone";
			};
			name = Debug;
		};
		EF33CA02286C3C1400B89C31 /* Release */ = {
			isa = XCBuildConfiguration;
			buildSettings = {
				ALWAYS_SEARCH_USER_PATHS = NO;
				CLANG_ANALYZER_NONNULL = YES;
				CLANG_ANALYZER_NUMBER_OBJECT_CONVERSION = YES_AGGRESSIVE;
				CLANG_CXX_LANGUAGE_STANDARD = "gnu++17";
				CLANG_ENABLE_MODULES = YES;
				CLANG_ENABLE_OBJC_ARC = YES;
				CLANG_ENABLE_OBJC_WEAK = YES;
				CLANG_WARN_BLOCK_CAPTURE_AUTORELEASING = YES;
				CLANG_WARN_BOOL_CONVERSION = YES;
				CLANG_WARN_COMMA = YES;
				CLANG_WARN_CONSTANT_CONVERSION = YES;
				CLANG_WARN_DEPRECATED_OBJC_IMPLEMENTATIONS = YES;
				CLANG_WARN_DIRECT_OBJC_ISA_USAGE = YES_ERROR;
				CLANG_WARN_DOCUMENTATION_COMMENTS = YES;
				CLANG_WARN_EMPTY_BODY = YES;
				CLANG_WARN_ENUM_CONVERSION = YES;
				CLANG_WARN_INFINITE_RECURSION = YES;
				CLANG_WARN_INT_CONVERSION = YES;
				CLANG_WARN_NON_LITERAL_NULL_CONVERSION = YES;
				CLANG_WARN_OBJC_IMPLICIT_RETAIN_SELF = YES;
				CLANG_WARN_OBJC_LITERAL_CONVERSION = YES;
				CLANG_WARN_OBJC_ROOT_CLASS = YES_ERROR;
				CLANG_WARN_QUOTED_INCLUDE_IN_FRAMEWORK_HEADER = YES;
				CLANG_WARN_RANGE_LOOP_ANALYSIS = YES;
				CLANG_WARN_STRICT_PROTOTYPES = YES;
				CLANG_WARN_SUSPICIOUS_MOVE = YES;
				CLANG_WARN_UNGUARDED_AVAILABILITY = YES_AGGRESSIVE;
				CLANG_WARN_UNREACHABLE_CODE = YES;
				CLANG_WARN__DUPLICATE_METHOD_MATCH = YES;
				COPY_PHASE_STRIP = NO;
				DEBUG_INFORMATION_FORMAT = "dwarf-with-dsym";
				ENABLE_NS_ASSERTIONS = NO;
				ENABLE_STRICT_OBJC_MSGSEND = YES;
				GCC_C_LANGUAGE_STANDARD = gnu11;
				GCC_NO_COMMON_BLOCKS = YES;
				GCC_WARN_64_TO_32_BIT_CONVERSION = YES;
				GCC_WARN_ABOUT_RETURN_TYPE = YES_ERROR;
				GCC_WARN_UNDECLARED_SELECTOR = YES;
				GCC_WARN_UNINITIALIZED_AUTOS = YES_AGGRESSIVE;
				GCC_WARN_UNUSED_FUNCTION = YES;
				GCC_WARN_UNUSED_VARIABLE = YES;
				IPHONEOS_DEPLOYMENT_TARGET = 15.5;
				MTL_ENABLE_DEBUG_INFO = NO;
				MTL_FAST_MATH = YES;
				SDKROOT = iphoneos;
				SWIFT_COMPILATION_MODE = wholemodule;
				SWIFT_OPTIMIZATION_LEVEL = "-O";
				VALIDATE_PRODUCT = YES;
			};
			name = Release;
		};
		EF33CA04286C3C1400B89C31 /* Debug */ = {
			isa = XCBuildConfiguration;
			buildSettings = {
				ASSETCATALOG_COMPILER_APPICON_NAME = AppIcon;
				ASSETCATALOG_COMPILER_GLOBAL_ACCENT_COLOR_NAME = AccentColor;
				CODE_SIGN_STYLE = Automatic;
				CURRENT_PROJECT_VERSION = 1;
				DEVELOPMENT_ASSET_PATHS = "\"Fruits/Preview Content\"";
				DEVELOPMENT_TEAM = A38548G3Y3;
				ENABLE_PREVIEWS = YES;
				GENERATE_INFOPLIST_FILE = YES;
				INFOPLIST_KEY_UIApplicationSceneManifest_Generation = YES;
				INFOPLIST_KEY_UIApplicationSupportsIndirectInputEvents = YES;
				INFOPLIST_KEY_UILaunchScreen_Generation = YES;
				INFOPLIST_KEY_UISupportedInterfaceOrientations = UIInterfaceOrientationPortrait;
				INFOPLIST_KEY_UISupportedInterfaceOrientations_iPad = "UIInterfaceOrientationPortrait UIInterfaceOrientationPortraitUpsideDown UIInterfaceOrientationLandscapeLeft UIInterfaceOrientationLandscapeRight";
				INFOPLIST_KEY_UISupportedInterfaceOrientations_iPhone = UIInterfaceOrientationPortrait;
				LD_RUNPATH_SEARCH_PATHS = (
					"$(inherited)",
					"@executable_path/Frameworks",
				);
				MARKETING_VERSION = 1.0;
				PRODUCT_BUNDLE_IDENTIFIER = com.idontknowwhatimdoing.Fruits;
				PRODUCT_NAME = "$(TARGET_NAME)";
				SWIFT_EMIT_LOC_STRINGS = YES;
				SWIFT_VERSION = 5.0;
				TARGETED_DEVICE_FAMILY = "1,2";
			};
			name = Debug;
		};
		EF33CA05286C3C1400B89C31 /* Release */ = {
			isa = XCBuildConfiguration;
			buildSettings = {
				ASSETCATALOG_COMPILER_APPICON_NAME = AppIcon;
				ASSETCATALOG_COMPILER_GLOBAL_ACCENT_COLOR_NAME = AccentColor;
				CODE_SIGN_STYLE = Automatic;
				CURRENT_PROJECT_VERSION = 1;
				DEVELOPMENT_ASSET_PATHS = "\"Fruits/Preview Content\"";
				DEVELOPMENT_TEAM = A38548G3Y3;
				ENABLE_PREVIEWS = YES;
				GENERATE_INFOPLIST_FILE = YES;
				INFOPLIST_KEY_UIApplicationSceneManifest_Generation = YES;
				INFOPLIST_KEY_UIApplicationSupportsIndirectInputEvents = YES;
				INFOPLIST_KEY_UILaunchScreen_Generation = YES;
				INFOPLIST_KEY_UISupportedInterfaceOrientations = UIInterfaceOrientationPortrait;
				INFOPLIST_KEY_UISupportedInterfaceOrientations_iPad = "UIInterfaceOrientationPortrait UIInterfaceOrientationPortraitUpsideDown UIInterfaceOrientationLandscapeLeft UIInterfaceOrientationLandscapeRight";
				INFOPLIST_KEY_UISupportedInterfaceOrientations_iPhone = UIInterfaceOrientationPortrait;
				LD_RUNPATH_SEARCH_PATHS = (
					"$(inherited)",
					"@executable_path/Frameworks",
				);
				MARKETING_VERSION = 1.0;
				PRODUCT_BUNDLE_IDENTIFIER = com.idontknowwhatimdoing.Fruits;
				PRODUCT_NAME = "$(TARGET_NAME)";
				SWIFT_EMIT_LOC_STRINGS = YES;
				SWIFT_VERSION = 5.0;
				TARGETED_DEVICE_FAMILY = "1,2";
			};
			name = Release;
		};
/* End XCBuildConfiguration section */

/* Begin XCConfigurationList section */
		EF33C9F0286C3C1300B89C31 /* Build configuration list for PBXProject "Fruits" */ = {
			isa = XCConfigurationList;
			buildConfigurations = (
				EF33CA01286C3C1400B89C31 /* Debug */,
				EF33CA02286C3C1400B89C31 /* Release */,
			);
			defaultConfigurationIsVisible = 0;
			defaultConfigurationName = Release;
		};
		EF33CA03286C3C1400B89C31 /* Build configuration list for PBXNativeTarget "Fruits" */ = {
			isa = XCConfigurationList;
			buildConfigurations = (
				EF33CA04286C3C1400B89C31 /* Debug */,
				EF33CA05286C3C1400B89C31 /* Release */,
			);
			defaultConfigurationIsVisible = 0;
			defaultConfigurationName = Release;
		};
/* End XCConfigurationList section */
	};
	rootObject = EF33C9ED286C3C1300B89C31 /* Project object */;
}
